
Microsoft Visual Studio Solution File, Format Version 12.00
# Visual Studio Express 2012 for Windows Desktop
Project("{FAE04EC0-301F-11D3-BF4B-00C04F79EFBC}") = "GreenScreen-WPF", "GreenScreen-WPF.csproj", "{BA49DE61-9346-4156-B382-75C2D5370DCD}"
EndProject
Project("{FAE04EC0-301F-11D3-BF4B-00C04F79EFBC}") = "FlashControl", "FlashControl\FlashControl.csproj", "{37FA9E11-1FE8-4C53-A794-FF59BBC313BD}"
EndProject
Global
	GlobalSection(SolutionConfigurationPlatforms) = preSolution
		Debug|Any CPU = Debug|Any CPU
		Release|Any CPU = Release|Any CPU
	EndGlobalSection
	GlobalSection(ProjectConfigurationPlatforms) = postSolution
		{BA49DE61-9346-4156-B382-75C2D5370DCD}.Debug|Any CPU.ActiveCfg = Debug|Any CPU
		{BA49DE61-9346-4156-B382-75C2D5370DCD}.Debug|Any CPU.Build.0 = Debug|Any CPU
		{BA49DE61-9346-4156-B382-75C2D5370DCD}.Release|Any CPU.ActiveCfg = Release|Any CPU
		{BA49DE61-9346-4156-B382-75C2D5370DCD}.Release|Any CPU.Build.0 = Release|Any CPU
		{37FA9E11-1FE8-4C53-A794-FF59BBC313BD}.Debug|Any CPU.ActiveCfg = Debug|Any CPU
		{37FA9E11-1FE8-4C53-A794-FF59BBC313BD}.Debug|Any CPU.Build.0 = Debug|Any CPU
		{37FA9E11-1FE8-4C53-A794-FF59BBC313BD}.Release|Any CPU.ActiveCfg = Release|Any CPU
		{37FA9E11-1FE8-4C53-A794-FF59BBC313BD}.Release|Any CPU.Build.0 = Release|Any CPU
	EndGlobalSection
	GlobalSection(SolutionProperties) = preSolution
		HideSolutionNode = FALSE
	EndGlobalSection
EndGlobal
